{
  "version": 1,
  "dependencies": {
    "net9.0-windows7.0": {
      "Microsoft.NET.ILLink.Tasks": {
        "type": "Direct",
        "requested": "[9.0.19, )",
        "resolved": "9.0.19",
        "contentHash": "I9GkKrCVjzxGU1hsKSurOW6P/ABPPHARfc/MTnzIgDb8YjJ/votxKN2z7K+J3DvlQXGH0O7KqdtBseRj8j7eNQ=="
      },
      "WPF-UI": {
        "type": "Direct",
        "requested": "[4.3.0, )",
        "resolved": "4.3.0",
        "contentHash": "SIHhc8lIrhEQ/1cLFZN6Dtf8cqsLm4myBULj9obnacd9TyDs2vizhKYzRzTlcPEcnzb3L4EstvPN3M6kcXbJCA==",
        "dependencies": {
          "WPF-UI.Abstractions": "4.3.0"
        }
      },
      "WPF-UI.Abstractions": {
        "type": "Transitive",
        "resolved": "4.3.0",
        "contentHash": "7Kj9DmCCo4SOCd1jAiw4+EcMFP2nR8rLLvitAYzVtzbWToTsodkbie24+8x9C4LDLxkopWEUGX62szqqNy7oeg=="
      }
    },
    "net9.0-windows7.0/win-x64": {}
  }
}